
Microsoft Visual Studio Solution File, Format Version 12.00
# Visual Studio Version 17
VisualStudioVersion = 17.9.34701.34
MinimumVisualStudioVersion = 10.0.40219.1
Project("{FAE04EC0-301F-11D3-BF4B-00C04F79EFBC}") = "SteveProjectServer", "SteveProjectServer\SteveProjectServer.csproj", "{2A9682C1-7187-47FE-B58B-D5CECDB9162B}"
EndProject
Project("{FAE04EC0-301F-11D3-BF4B-00C04F79EFBC}") = "GameModel", "GameModel\GameModel.csproj", "{F113AF68-2D75-46AE-A10E-8661A6553013}"
EndProject
Global
	GlobalSection(SolutionConfigurationPlatforms) = preSolution
		Debug|Any CPU = Debug|Any CPU
		Release|Any CPU = Release|Any CPU
	EndGlobalSection
	GlobalSection(ProjectConfigurationPlatforms) = postSolution
		{2A9682C1-7187-47FE-B58B-D5CECDB9162B}.Debug|Any CPU.ActiveCfg = Debug|Any CPU
		{2A9682C1-7187-47FE-B58B-D5CECDB9162B}.Debug|Any CPU.Build.0 = Debug|Any CPU
		{2A9682C1-7187-47FE-B58B-D5CECDB9162B}.Release|Any CPU.ActiveCfg = Release|Any CPU
		{2A9682C1-7187-47FE-B58B-D5CECDB9162B}.Release|Any CPU.Build.0 = Release|Any CPU
		{F113AF68-2D75-46AE-A10E-8661A6553013}.Debug|Any CPU.ActiveCfg = Debug|Any CPU
		{F113AF68-2D75-46AE-A10E-8661A6553013}.Debug|Any CPU.Build.0 = Debug|Any CPU
		{F113AF68-2D75-46AE-A10E-8661A6553013}.Release|Any CPU.ActiveCfg = Release|Any CPU
		{F113AF68-2D75-46AE-A10E-8661A6553013}.Release|Any CPU.Build.0 = Release|Any CPU
	EndGlobalSection
	GlobalSection(SolutionProperties) = preSolution
		HideSolutionNode = FALSE
	EndGlobalSection
	GlobalSection(ExtensibilityGlobals) = postSolution
		SolutionGuid = {B21823BB-50C4-4B3B-8FE5-30AB92084BDB}
	EndGlobalSection
EndGlobal
